
Microsoft Visual Studio Solution File, Format Version 12.00
# Visual Studio Version 16
VisualStudioVersion = 16.0.31515.178
MinimumVisualStudioVersion = 10.0.40219.1
Project("{FAE04EC0-301F-11D3-BF4B-00C04F79EFBC}") = "Veterinario", "Veterinario\Veterinario.csproj", "{C36BC127-3E07-434A-B5F5-498B60F3A9E3}"
EndProject
Global
	GlobalSection(SolutionConfigurationPlatforms) = preSolution
		Debug|Any CPU = Debug|Any CPU
		Release|Any CPU = Release|Any CPU
	EndGlobalSection
	GlobalSection(ProjectConfigurationPlatforms) = postSolution
		{C36BC127-3E07-434A-B5F5-498B60F3A9E3}.Debug|Any CPU.ActiveCfg = Debug|Any CPU
		{C36BC127-3E07-434A-B5F5-498B60F3A9E3}.Debug|Any CPU.Build.0 = Debug|Any CPU
		{C36BC127-3E07-434A-B5F5-498B60F3A9E3}.Release|Any CPU.ActiveCfg = Release|Any CPU
		{C36BC127-3E07-434A-B5F5-498B60F3A9E3}.Release|Any CPU.Build.0 = Release|Any CPU
	EndGlobalSection
	GlobalSection(SolutionProperties) = preSolution
		HideSolutionNode = FALSE
	EndGlobalSection
	GlobalSection(ExtensibilityGlobals) = postSolution
		SolutionGuid = {C09E9E34-0A30-45CC-8249-CDE35C734FA5}
	EndGlobalSection
EndGlobal
